
Microsoft Visual Studio Solution File, Format Version 12.00
# Visual Studio 14
VisualStudioVersion = 14.0.24720.0
MinimumVisualStudioVersion = 10.0.40219.1
Project("{FAE04EC0-301F-11D3-BF4B-00C04F79EFBC}") = "Shuttle.Esb.Process", "Shuttle.Esb.Process\Shuttle.Esb.Process.csproj", "{2578701E-A8A6-4F80-BB22-F7636C350430}"
EndProject
Project("{FAE04EC0-301F-11D3-BF4B-00C04F79EFBC}") = "Shuttle.Esb.Process.Tests", "Shuttle.Esb.Process.Tests\Shuttle.Esb.Process.Tests.csproj", "{3182A226-B4B1-43B2-A306-C6CE9AB79432}"
EndProject
Project("{2150E333-8FDC-42A3-9474-1A3956D46DE8}") = ".build", ".build", "{988BED49-7B4F-44FE-A7C6-EC8F961AB0D3}"
	ProjectSection(SolutionItems) = preProject
		.build\package.msbuild = .build\package.msbuild
		.build\package.nuspec = .build\package.nuspec
		.build\Shuttle.Core.MSBuild.dll = .build\Shuttle.Core.MSBuild.dll
		.build\Shuttle.Core.MSBuild.targets = .build\Shuttle.Core.MSBuild.targets
	EndProjectSection
EndProject
Project("{2150E333-8FDC-42A3-9474-1A3956D46DE8}") = ".nuget", ".nuget", "{AD1A2AAB-8983-4620-A7E5-1A0DDFDDC26D}"
	ProjectSection(SolutionItems) = preProject
		.nuget\NuGet.Config = .nuget\NuGet.Config
	EndProjectSection
EndProject
Project("{2150E333-8FDC-42A3-9474-1A3956D46DE8}") = "Solution Items", "Solution Items", "{DD62A740-FD08-484A-8955-602DC52E295A}"
	ProjectSection(SolutionItems) = preProject
		LICENSE = LICENSE
		README.md = README.md
	EndProjectSection
EndProject
Global
	GlobalSection(SolutionConfigurationPlatforms) = preSolution
		Debug|Any CPU = Debug|Any CPU
		Release|Any CPU = Release|Any CPU
	EndGlobalSection
	GlobalSection(ProjectConfigurationPlatforms) = postSolution
		{2578701E-A8A6-4F80-BB22-F7636C350430}.Debug|Any CPU.ActiveCfg = Debug|Any CPU
		{2578701E-A8A6-4F80-BB22-F7636C350430}.Debug|Any CPU.Build.0 = Debug|Any CPU
		{2578701E-A8A6-4F80-BB22-F7636C350430}.Release|Any CPU.ActiveCfg = Release|Any CPU
		{2578701E-A8A6-4F80-BB22-F7636C350430}.Release|Any CPU.Build.0 = Release|Any CPU
		{3182A226-B4B1-43B2-A306-C6CE9AB79432}.Debug|Any CPU.ActiveCfg = Debug|Any CPU
		{3182A226-B4B1-43B2-A306-C6CE9AB79432}.Debug|Any CPU.Build.0 = Debug|Any CPU
		{3182A226-B4B1-43B2-A306-C6CE9AB79432}.Release|Any CPU.ActiveCfg = Release|Any CPU
		{3182A226-B4B1-43B2-A306-C6CE9AB79432}.Release|Any CPU.Build.0 = Release|Any CPU
	EndGlobalSection
	GlobalSection(SolutionProperties) = preSolution
		HideSolutionNode = FALSE
	EndGlobalSection
EndGlobal
